
Microsoft Visual Studio Solution File, Format Version 12.00
# Visual Studio Version 17
VisualStudioVersion = 17.10.35027.167
MinimumVisualStudioVersion = 10.0.40219.1
Project("{FAE04EC0-301F-11D3-BF4B-00C04F79EFBC}") = "StopWatch", "StopWatch\StopWatch.csproj", "{FF5DFB5A-89BC-405E-A0E2-7EF2A67B38FE}"
EndProject
Global
	GlobalSection(SolutionConfigurationPlatforms) = preSolution
		Debug|Any CPU = Debug|Any CPU
		Release|Any CPU = Release|Any CPU
	EndGlobalSection
	GlobalSection(ProjectConfigurationPlatforms) = postSolution
		{FF5DFB5A-89BC-405E-A0E2-7EF2A67B38FE}.Debug|Any CPU.ActiveCfg = Debug|Any CPU
		{FF5DFB5A-89BC-405E-A0E2-7EF2A67B38FE}.Debug|Any CPU.Build.0 = Debug|Any CPU
		{FF5DFB5A-89BC-405E-A0E2-7EF2A67B38FE}.Release|Any CPU.ActiveCfg = Release|Any CPU
		{FF5DFB5A-89BC-405E-A0E2-7EF2A67B38FE}.Release|Any CPU.Build.0 = Release|Any CPU
	EndGlobalSection
	GlobalSection(SolutionProperties) = preSolution
		HideSolutionNode = FALSE
	EndGlobalSection
	GlobalSection(ExtensibilityGlobals) = postSolution
		SolutionGuid = {23606000-CF12-4391-9BE2-03CECB6EEBA7}
	EndGlobalSection
EndGlobal
